
Microsoft Visual Studio Solution File, Format Version 12.00
# Visual Studio Version 17
VisualStudioVersion = 17.9.34622.214
MinimumVisualStudioVersion = 10.0.40219.1
Project("{FAE04EC0-301F-11D3-BF4B-00C04F79EFBC}") = "WebAPI", "WebAPI\WebAPI.csproj", "{300F20E1-4EF3-47A9-99FC-735A56DB38AA}"
EndProject
Project("{FAE04EC0-301F-11D3-BF4B-00C04F79EFBC}") = "Application", "Application\Application.csproj", "{1DE78E4E-3B7B-4633-BD32-6EF58C0A8890}"
EndProject
Project("{FAE04EC0-301F-11D3-BF4B-00C04F79EFBC}") = "Domain", "Domain\Domain.csproj", "{A56B2481-12D6-4DBB-95FD-61CA71DED187}"
EndProject
Project("{FAE04EC0-301F-11D3-BF4B-00C04F79EFBC}") = "Infrastructure", "Infrastructure\Infrastructure.csproj", "{AE3FED28-ACB9-48AC-94D9-DEE2DECF2CCD}"
EndProject
Global
	GlobalSection(SolutionConfigurationPlatforms) = preSolution
		Debug|Any CPU = Debug|Any CPU
		Release|Any CPU = Release|Any CPU
	EndGlobalSection
	GlobalSection(ProjectConfigurationPlatforms) = postSolution
		{300F20E1-4EF3-47A9-99FC-735A56DB38AA}.Debug|Any CPU.ActiveCfg = Debug|Any CPU
		{300F20E1-4EF3-47A9-99FC-735A56DB38AA}.Debug|Any CPU.Build.0 = Debug|Any CPU
		{300F20E1-4EF3-47A9-99FC-735A56DB38AA}.Release|Any CPU.ActiveCfg = Release|Any CPU
		{300F20E1-4EF3-47A9-99FC-735A56DB38AA}.Release|Any CPU.Build.0 = Release|Any CPU
		{1DE78E4E-3B7B-4633-BD32-6EF58C0A8890}.Debug|Any CPU.ActiveCfg = Debug|Any CPU
		{1DE78E4E-3B7B-4633-BD32-6EF58C0A8890}.Debug|Any CPU.Build.0 = Debug|Any CPU
		{1DE78E4E-3B7B-4633-BD32-6EF58C0A8890}.Release|Any CPU.ActiveCfg = Release|Any CPU
		{1DE78E4E-3B7B-4633-BD32-6EF58C0A8890}.Release|Any CPU.Build.0 = Release|Any CPU
		{A56B2481-12D6-4DBB-95FD-61CA71DED187}.Debug|Any CPU.ActiveCfg = Debug|Any CPU
		{A56B2481-12D6-4DBB-95FD-61CA71DED187}.Debug|Any CPU.Build.0 = Debug|Any CPU
		{A56B2481-12D6-4DBB-95FD-61CA71DED187}.Release|Any CPU.ActiveCfg = Release|Any CPU
		{A56B2481-12D6-4DBB-95FD-61CA71DED187}.Release|Any CPU.Build.0 = Release|Any CPU
		{AE3FED28-ACB9-48AC-94D9-DEE2DECF2CCD}.Debug|Any CPU.ActiveCfg = Debug|Any CPU
		{AE3FED28-ACB9-48AC-94D9-DEE2DECF2CCD}.Debug|Any CPU.Build.0 = Debug|Any CPU
		{AE3FED28-ACB9-48AC-94D9-DEE2DECF2CCD}.Release|Any CPU.ActiveCfg = Release|Any CPU
		{AE3FED28-ACB9-48AC-94D9-DEE2DECF2CCD}.Release|Any CPU.Build.0 = Release|Any CPU
	EndGlobalSection
	GlobalSection(SolutionProperties) = preSolution
		HideSolutionNode = FALSE
	EndGlobalSection
	GlobalSection(ExtensibilityGlobals) = postSolution
		SolutionGuid = {E645F99C-45C9-4434-BBB4-566641C487FB}
	EndGlobalSection
EndGlobal
